
Microsoft Visual Studio Solution File, Format Version 12.00
# Visual Studio Express 2012 for Windows Desktop
Project("{8BC9CEB8-8B4A-11D0-8D11-00A0C91BC942}") = "ariprog", "ariprog\ariprog.vcxproj", "{B4BEE887-B59B-471B-BF69-C1346A08258E}"
EndProject
Global
	GlobalSection(SolutionConfigurationPlatforms) = preSolution
		Debug|Win32 = Debug|Win32
		Release|Win32 = Release|Win32
	EndGlobalSection
	GlobalSection(ProjectConfigurationPlatforms) = postSolution
		{B4BEE887-B59B-471B-BF69-C1346A08258E}.Debug|Win32.ActiveCfg = Debug|Win32
		{B4BEE887-B59B-471B-BF69-C1346A08258E}.Debug|Win32.Build.0 = Debug|Win32
		{B4BEE887-B59B-471B-BF69-C1346A08258E}.Release|Win32.ActiveCfg = Release|Win32
		{B4BEE887-B59B-471B-BF69-C1346A08258E}.Release|Win32.Build.0 = Release|Win32
	EndGlobalSection
	GlobalSection(SolutionProperties) = preSolution
		HideSolutionNode = FALSE
	EndGlobalSection
EndGlobal
